
Microsoft Visual Studio Solution File, Format Version 12.00
# Visual Studio Version 17
VisualStudioVersion = 17.3.32825.248
MinimumVisualStudioVersion = 10.0.40219.1
Project("{FAE04EC0-301F-11D3-BF4B-00C04F79EFBC}") = "App", "App.csproj", "{4A376210-FE2C-4485-B78B-B62F403E845D}"
EndProject
Project("{FAE04EC0-301F-11D3-BF4B-00C04F79EFBC}") = "CourseWorkTests", "..\CourseWorkTests\CourseWorkTests.csproj", "{AF36CEDC-8459-4A95-B151-AF32FA59044A}"
EndProject
Global
	GlobalSection(SolutionConfigurationPlatforms) = preSolution
		Debug|Any CPU = Debug|Any CPU
		Release|Any CPU = Release|Any CPU
	EndGlobalSection
	GlobalSection(ProjectConfigurationPlatforms) = postSolution
		{4A376210-FE2C-4485-B78B-B62F403E845D}.Debug|Any CPU.ActiveCfg = Debug|Any CPU
		{4A376210-FE2C-4485-B78B-B62F403E845D}.Debug|Any CPU.Build.0 = Debug|Any CPU
		{4A376210-FE2C-4485-B78B-B62F403E845D}.Release|Any CPU.ActiveCfg = Release|Any CPU
		{4A376210-FE2C-4485-B78B-B62F403E845D}.Release|Any CPU.Build.0 = Release|Any CPU
		{AF36CEDC-8459-4A95-B151-AF32FA59044A}.Debug|Any CPU.ActiveCfg = Debug|Any CPU
		{AF36CEDC-8459-4A95-B151-AF32FA59044A}.Debug|Any CPU.Build.0 = Debug|Any CPU
		{AF36CEDC-8459-4A95-B151-AF32FA59044A}.Release|Any CPU.ActiveCfg = Release|Any CPU
		{AF36CEDC-8459-4A95-B151-AF32FA59044A}.Release|Any CPU.Build.0 = Release|Any CPU
	EndGlobalSection
	GlobalSection(SolutionProperties) = preSolution
		HideSolutionNode = FALSE
	EndGlobalSection
	GlobalSection(ExtensibilityGlobals) = postSolution
		SolutionGuid = {B6513727-6AEE-4826-AF47-B98F366F514F}
	EndGlobalSection
EndGlobal
